
Microsoft Visual Studio Solution File, Format Version 12.00
# Visual Studio 14
VisualStudioVersion = 14.0.25420.1
MinimumVisualStudioVersion = 10.0.40219.1
Project("{FAE04EC0-301F-11D3-BF4B-00C04F79EFBC}") = "Operator", "Operator\Operator.csproj", "{73FB3F40-9274-482B-BF03-2D0E7159CECC}"
EndProject
Project("{FAE04EC0-301F-11D3-BF4B-00C04F79EFBC}") = "PuppetMaster", "PuppetMaster\PuppetMaster.csproj", "{890B6CD2-E016-413E-97D3-D36CAE1D65E7}"
	ProjectSection(ProjectDependencies) = postProject
		{62D2EDC6-92C8-4A2B-A004-550629640C31} = {62D2EDC6-92C8-4A2B-A004-550629640C31}
	EndProjectSection
EndProject
Project("{FAE04EC0-301F-11D3-BF4B-00C04F79EFBC}") = "CustomOperators", "CustomOperators\CustomOperators.csproj", "{54AA3D13-2668-4430-9C9C-25630840A520}"
EndProject
Project("{FAE04EC0-301F-11D3-BF4B-00C04F79EFBC}") = "Machine", "Machine\Machine.csproj", "{62D2EDC6-92C8-4A2B-A004-550629640C31}"
EndProject
Global
	GlobalSection(SolutionConfigurationPlatforms) = preSolution
		DADstorm_complete|Any CPU = DADstorm_complete|Any CPU
		Debug|Any CPU = Debug|Any CPU
		Release|Any CPU = Release|Any CPU
	EndGlobalSection
	GlobalSection(ProjectConfigurationPlatforms) = postSolution
		{73FB3F40-9274-482B-BF03-2D0E7159CECC}.DADstorm_complete|Any CPU.ActiveCfg = Debug|Any CPU
		{73FB3F40-9274-482B-BF03-2D0E7159CECC}.DADstorm_complete|Any CPU.Build.0 = Debug|Any CPU
		{73FB3F40-9274-482B-BF03-2D0E7159CECC}.Debug|Any CPU.ActiveCfg = Debug|Any CPU
		{73FB3F40-9274-482B-BF03-2D0E7159CECC}.Debug|Any CPU.Build.0 = Debug|Any CPU
		{73FB3F40-9274-482B-BF03-2D0E7159CECC}.Release|Any CPU.ActiveCfg = Release|Any CPU
		{73FB3F40-9274-482B-BF03-2D0E7159CECC}.Release|Any CPU.Build.0 = Release|Any CPU
		{890B6CD2-E016-413E-97D3-D36CAE1D65E7}.DADstorm_complete|Any CPU.ActiveCfg = Debug|Any CPU
		{890B6CD2-E016-413E-97D3-D36CAE1D65E7}.DADstorm_complete|Any CPU.Build.0 = Debug|Any CPU
		{890B6CD2-E016-413E-97D3-D36CAE1D65E7}.Debug|Any CPU.ActiveCfg = Debug|Any CPU
		{890B6CD2-E016-413E-97D3-D36CAE1D65E7}.Debug|Any CPU.Build.0 = Debug|Any CPU
		{890B6CD2-E016-413E-97D3-D36CAE1D65E7}.Debug|Any CPU.Deploy.0 = Debug|Any CPU
		{890B6CD2-E016-413E-97D3-D36CAE1D65E7}.Release|Any CPU.ActiveCfg = Release|Any CPU
		{890B6CD2-E016-413E-97D3-D36CAE1D65E7}.Release|Any CPU.Build.0 = Release|Any CPU
		{54AA3D13-2668-4430-9C9C-25630840A520}.DADstorm_complete|Any CPU.ActiveCfg = Debug|Any CPU
		{54AA3D13-2668-4430-9C9C-25630840A520}.DADstorm_complete|Any CPU.Build.0 = Debug|Any CPU
		{54AA3D13-2668-4430-9C9C-25630840A520}.Debug|Any CPU.ActiveCfg = Debug|Any CPU
		{54AA3D13-2668-4430-9C9C-25630840A520}.Debug|Any CPU.Build.0 = Debug|Any CPU
		{54AA3D13-2668-4430-9C9C-25630840A520}.Release|Any CPU.ActiveCfg = Release|Any CPU
		{54AA3D13-2668-4430-9C9C-25630840A520}.Release|Any CPU.Build.0 = Release|Any CPU
		{62D2EDC6-92C8-4A2B-A004-550629640C31}.DADstorm_complete|Any CPU.ActiveCfg = Debug|Any CPU
		{62D2EDC6-92C8-4A2B-A004-550629640C31}.DADstorm_complete|Any CPU.Build.0 = Debug|Any CPU
		{62D2EDC6-92C8-4A2B-A004-550629640C31}.Debug|Any CPU.ActiveCfg = Debug|Any CPU
		{62D2EDC6-92C8-4A2B-A004-550629640C31}.Debug|Any CPU.Build.0 = Debug|Any CPU
		{62D2EDC6-92C8-4A2B-A004-550629640C31}.Release|Any CPU.ActiveCfg = Release|Any CPU
		{62D2EDC6-92C8-4A2B-A004-550629640C31}.Release|Any CPU.Build.0 = Release|Any CPU
	EndGlobalSection
	GlobalSection(SolutionProperties) = preSolution
		HideSolutionNode = FALSE
	EndGlobalSection
EndGlobal
